
Microsoft Visual Studio Solution File, Format Version 12.00
# Visual Studio Version 17
VisualStudioVersion = 17.6.33829.357
MinimumVisualStudioVersion = 10.0.40219.1
Project("{FAE04EC0-301F-11D3-BF4B-00C04F79EFBC}") = "ShopOnline.Web", "ShopOnline.Web\ShopOnline.Web.csproj", "{C3DFDE50-AF8F-4E55-A22C-09CBCAA3E0CE}"
EndProject
Project("{FAE04EC0-301F-11D3-BF4B-00C04F79EFBC}") = "ShopOnline.Api", "ShopOnline.Api\ShopOnline.Api.csproj", "{CF279281-B878-4981-97B2-A2D557DAF04E}"
EndProject
Global
	GlobalSection(SolutionConfigurationPlatforms) = preSolution
		Debug|Any CPU = Debug|Any CPU
		Release|Any CPU = Release|Any CPU
	EndGlobalSection
	GlobalSection(ProjectConfigurationPlatforms) = postSolution
		{C3DFDE50-AF8F-4E55-A22C-09CBCAA3E0CE}.Debug|Any CPU.ActiveCfg = Debug|Any CPU
		{C3DFDE50-AF8F-4E55-A22C-09CBCAA3E0CE}.Debug|Any CPU.Build.0 = Debug|Any CPU
		{C3DFDE50-AF8F-4E55-A22C-09CBCAA3E0CE}.Release|Any CPU.ActiveCfg = Release|Any CPU
		{C3DFDE50-AF8F-4E55-A22C-09CBCAA3E0CE}.Release|Any CPU.Build.0 = Release|Any CPU
		{CF279281-B878-4981-97B2-A2D557DAF04E}.Debug|Any CPU.ActiveCfg = Debug|Any CPU
		{CF279281-B878-4981-97B2-A2D557DAF04E}.Debug|Any CPU.Build.0 = Debug|Any CPU
		{CF279281-B878-4981-97B2-A2D557DAF04E}.Release|Any CPU.ActiveCfg = Release|Any CPU
		{CF279281-B878-4981-97B2-A2D557DAF04E}.Release|Any CPU.Build.0 = Release|Any CPU
	EndGlobalSection
	GlobalSection(SolutionProperties) = preSolution
		HideSolutionNode = FALSE
	EndGlobalSection
	GlobalSection(ExtensibilityGlobals) = postSolution
		SolutionGuid = {DEEBAB2D-3DC5-4DEF-AABA-057721437108}
	EndGlobalSection
EndGlobal
